
Microsoft Visual Studio Solution File, Format Version 12.00
# Visual Studio Version 17
VisualStudioVersion = 17.5.33424.131
MinimumVisualStudioVersion = 10.0.40219.1
Project("{FAE04EC0-301F-11D3-BF4B-00C04F79EFBC}") = "ZXB22RE45YGHB27", "ZXB22RE45YGHB27\ZXB22RE45YGHB27.csproj", "{1BF0547C-BAC5-4279-9ADA-253B067512FC}"
EndProject
Global
	GlobalSection(SolutionConfigurationPlatforms) = preSolution
		Debug|Any CPU = Debug|Any CPU
		Release|Any CPU = Release|Any CPU
	EndGlobalSection
	GlobalSection(ProjectConfigurationPlatforms) = postSolution
		{1BF0547C-BAC5-4279-9ADA-253B067512FC}.Debug|Any CPU.ActiveCfg = Debug|Any CPU
		{1BF0547C-BAC5-4279-9ADA-253B067512FC}.Debug|Any CPU.Build.0 = Debug|Any CPU
		{1BF0547C-BAC5-4279-9ADA-253B067512FC}.Release|Any CPU.ActiveCfg = Release|Any CPU
		{1BF0547C-BAC5-4279-9ADA-253B067512FC}.Release|Any CPU.Build.0 = Release|Any CPU
	EndGlobalSection
	GlobalSection(SolutionProperties) = preSolution
		HideSolutionNode = FALSE
	EndGlobalSection
	GlobalSection(ExtensibilityGlobals) = postSolution
		SolutionGuid = {CB23A07D-38FF-496A-A9A5-68A2B452383A}
	EndGlobalSection
EndGlobal
